
Microsoft Visual Studio Solution File, Format Version 12.00
# Visual Studio 2013
VisualStudioVersion = 12.0.31101.0
MinimumVisualStudioVersion = 10.0.40219.1
Project("{FAE04EC0-301F-11D3-BF4B-00C04F79EFBC}") = "School.Data", "School.Data\School.Data.csproj", "{5DC349E3-8F9D-4DF1-98E6-ADD74FC9CF41}"
EndProject
Project("{FAE04EC0-301F-11D3-BF4B-00C04F79EFBC}") = "School.Domain", "School.Domain\School.Domain.csproj", "{FDEEAF2F-D966-4FB7-B752-159984DF1BBC}"
EndProject
Project("{FAE04EC0-301F-11D3-BF4B-00C04F79EFBC}") = "School.Api", "School.Api\School.Api.csproj", "{9299468A-0397-4CAB-B965-7DC6DDFD97ED}"
EndProject
Project("{FAE04EC0-301F-11D3-BF4B-00C04F79EFBC}") = "School.Business", "School.Business\School.Business.csproj", "{0F3B647F-5512-4CA3-8C4A-05141BC8D035}"
EndProject
Project("{FAE04EC0-301F-11D3-BF4B-00C04F79EFBC}") = "School.Data.Tests", "School.Data.Tests\School.Data.Tests.csproj", "{76AED85C-5801-4F78-83BD-2EF6A535272E}"
EndProject
Global
	GlobalSection(SolutionConfigurationPlatforms) = preSolution
		Debug|Any CPU = Debug|Any CPU
		Release|Any CPU = Release|Any CPU
	EndGlobalSection
	GlobalSection(ProjectConfigurationPlatforms) = postSolution
		{5DC349E3-8F9D-4DF1-98E6-ADD74FC9CF41}.Debug|Any CPU.ActiveCfg = Debug|Any CPU
		{5DC349E3-8F9D-4DF1-98E6-ADD74FC9CF41}.Debug|Any CPU.Build.0 = Debug|Any CPU
		{5DC349E3-8F9D-4DF1-98E6-ADD74FC9CF41}.Release|Any CPU.ActiveCfg = Release|Any CPU
		{5DC349E3-8F9D-4DF1-98E6-ADD74FC9CF41}.Release|Any CPU.Build.0 = Release|Any CPU
		{FDEEAF2F-D966-4FB7-B752-159984DF1BBC}.Debug|Any CPU.ActiveCfg = Debug|Any CPU
		{FDEEAF2F-D966-4FB7-B752-159984DF1BBC}.Debug|Any CPU.Build.0 = Debug|Any CPU
		{FDEEAF2F-D966-4FB7-B752-159984DF1BBC}.Release|Any CPU.ActiveCfg = Release|Any CPU
		{FDEEAF2F-D966-4FB7-B752-159984DF1BBC}.Release|Any CPU.Build.0 = Release|Any CPU
		{9299468A-0397-4CAB-B965-7DC6DDFD97ED}.Debug|Any CPU.ActiveCfg = Debug|Any CPU
		{9299468A-0397-4CAB-B965-7DC6DDFD97ED}.Debug|Any CPU.Build.0 = Debug|Any CPU
		{9299468A-0397-4CAB-B965-7DC6DDFD97ED}.Release|Any CPU.ActiveCfg = Release|Any CPU
		{9299468A-0397-4CAB-B965-7DC6DDFD97ED}.Release|Any CPU.Build.0 = Release|Any CPU
		{0F3B647F-5512-4CA3-8C4A-05141BC8D035}.Debug|Any CPU.ActiveCfg = Debug|Any CPU
		{0F3B647F-5512-4CA3-8C4A-05141BC8D035}.Debug|Any CPU.Build.0 = Debug|Any CPU
		{0F3B647F-5512-4CA3-8C4A-05141BC8D035}.Release|Any CPU.ActiveCfg = Release|Any CPU
		{0F3B647F-5512-4CA3-8C4A-05141BC8D035}.Release|Any CPU.Build.0 = Release|Any CPU
		{76AED85C-5801-4F78-83BD-2EF6A535272E}.Debug|Any CPU.ActiveCfg = Debug|Any CPU
		{76AED85C-5801-4F78-83BD-2EF6A535272E}.Debug|Any CPU.Build.0 = Debug|Any CPU
		{76AED85C-5801-4F78-83BD-2EF6A535272E}.Release|Any CPU.ActiveCfg = Release|Any CPU
		{76AED85C-5801-4F78-83BD-2EF6A535272E}.Release|Any CPU.Build.0 = Release|Any CPU
	EndGlobalSection
	GlobalSection(SolutionProperties) = preSolution
		HideSolutionNode = FALSE
	EndGlobalSection
EndGlobal
